// !$*UTF8*$!
{
	archiveVersion = 1;
	classes = {
	};
	objectVersion = 50;
	objects = {

/* Begin PBXBuildFile section */
		B9BD63822AD85C72835B529A /* libPods-aurora-auroraUITests.a in Frameworks */ = {isa = PBXBuildFile; fileRef = 3DC5429DB4C0539EA485858E /* libPods-aurora-auroraUITests.a */; };
		BBDB19DE9CCBF16ECB0D2EAC /* libPods-aurora.a in Frameworks */ = {isa = PBXBuildFile; fileRef = 219E2B22113E6C80421D2EC3 /* libPods-aurora.a */; };
		CC2F3FBB2538B0C00014DBAE /* GoogleService-Info.plist in Resources */ = {isa = PBXBuildFile; fileRef = CC2F3FBA2538B0C00014DBAE /* GoogleService-Info.plist */; };
		CCECD98B2538AC8D002A1250 /* AppDelegate.swift in Sources */ = {isa = PBXBuildFile; fileRef = CCECD98A2538AC8D002A1250 /* AppDelegate.swift */; };
		CCECD98D2538AC8D002A1250 /* SceneDelegate.swift in Sources */ = {isa = PBXBuildFile; fileRef = CCECD98C2538AC8D002A1250 /* SceneDelegate.swift */; };
		CCECD98F2538AC8D002A1250 /* ViewController.swift in Sources */ = {isa = PBXBuildFile; fileRef = CCECD98E2538AC8D002A1250 /* ViewController.swift */; };
		CCECD9922538AC8D002A1250 /* Main.storyboard in Resources */ = {isa = PBXBuildFile; fileRef = CCECD9902538AC8D002A1250 /* Main.storyboard */; };
		CCECD9952538AC8D002A1250 /* aurora.xcdatamodeld in Sources */ = {isa = PBXBuildFile; fileRef = CCECD9932538AC8D002A1250 /* aurora.xcdatamodeld */; };
		CCECD9972538AC8E002A1250 /* Assets.xcassets in Resources */ = {isa = PBXBuildFile; fileRef = CCECD9962538AC8E002A1250 /* Assets.xcassets */; };
		CCECD99A2538AC8E002A1250 /* LaunchScreen.storyboard in Resources */ = {isa = PBXBuildFile; fileRef = CCECD9982538AC8E002A1250 /* LaunchScreen.storyboard */; };
		CCECD9A52538AC8E002A1250 /* auroraTests.swift in Sources */ = {isa = PBXBuildFile; fileRef = CCECD9A42538AC8E002A1250 /* auroraTests.swift */; };
		CCECD9B02538AC8E002A1250 /* auroraUITests.swift in Sources */ = {isa = PBXBuildFile; fileRef = CCECD9AF2538AC8E002A1250 /* auroraUITests.swift */; };
		E7B483C04D53D70BB65A07B1 /* libPods-auroraTests.a in Frameworks */ = {isa = PBXBuildFile; fileRef = 5BA7708BF2E3BFBF64E8B1A9 /* libPods-auroraTests.a */; };
/* End PBXBuildFile section */

/* Begin PBXContainerItemProxy section */
		CCECD9A12538AC8E002A1250 /* PBXContainerItemProxy */ = {
			isa = PBXContainerItemProxy;
			containerPortal = CCECD97F2538AC8C002A1250 /* Project object */;
			proxyType = 1;
			remoteGlobalIDString = CCECD9862538AC8D002A1250;
			remoteInfo = aurora;
		};
		CCECD9AC2538AC8E002A1250 /* PBXContainerItemProxy */ = {
			isa = PBXContainerItemProxy;
			containerPortal = CCECD97F2538AC8C002A1250 /* Project object */;
			proxyType = 1;
			remoteGlobalIDString = CCECD9862538AC8D002A1250;
			remoteInfo = aurora;
		};
/* End PBXContainerItemProxy section */

/* Begin PBXFileReference section */
		1F10175A2DD8EF7343400FD7 /* Pods-aurora-auroraUITests.release.xcconfig */ = {isa = PBXFileReference; includeInIndex = 1; lastKnownFileType = text.xcconfig; name = "Pods-aurora-auroraUITests.release.xcconfig"; path = "Target Support Files/Pods-aurora-auroraUITests/Pods-aurora-auroraUITests.release.xcconfig"; sourceTree = "<group>"; };
		219E2B22113E6C80421D2EC3 /* libPods-aurora.a */ = {isa = PBXFileReference; explicitFileType = archive.ar; includeInIndex = 0; path = "libPods-aurora.a"; sourceTree = BUILT_PRODUCTS_DIR; };
		2407CE3132CE76F613EB4AA0 /* Pods-auroraTests.release.xcconfig */ = {isa = PBXFileReference; includeInIndex = 1; lastKnownFileType = text.xcconfig; name = "Pods-auroraTests.release.xcconfig"; path = "Target Support Files/Pods-auroraTests/Pods-auroraTests.release.xcconfig"; sourceTree = "<group>"; };
		3DC5429DB4C0539EA485858E /* libPods-aurora-auroraUITests.a */ = {isa = PBXFileReference; explicitFileType = archive.ar; includeInIndex = 0; path = "libPods-aurora-auroraUITests.a"; sourceTree = BUILT_PRODUCTS_DIR; };
		4E109FBB2BC2A8B73CAF30F1 /* Pods-aurora.release.xcconfig */ = {isa = PBXFileReference; includeInIndex = 1; lastKnownFileType = text.xcconfig; name = "Pods-aurora.release.xcconfig"; path = "Target Support Files/Pods-aurora/Pods-aurora.release.xcconfig"; sourceTree = "<group>"; };
		5BA7708BF2E3BFBF64E8B1A9 /* libPods-auroraTests.a */ = {isa = PBXFileReference; explicitFileType = archive.ar; includeInIndex = 0; path = "libPods-auroraTests.a"; sourceTree = BUILT_PRODUCTS_DIR; };
		C07D0D3070CC96B5308BF33D /* Pods-aurora.debug.xcconfig */ = {isa = PBXFileReference; includeInIndex = 1; lastKnownFileType = text.xcconfig; name = "Pods-aurora.debug.xcconfig"; path = "Target Support Files/Pods-aurora/Pods-aurora.debug.xcconfig"; sourceTree = "<group>"; };
		C1CFA8A89108EF8B108C3B60 /* Pods-auroraTests.debug.xcconfig */ = {isa = PBXFileReference; includeInIndex = 1; lastKnownFileType = text.xcconfig; name = "Pods-auroraTests.debug.xcconfig"; path = "Target Support Files/Pods-auroraTests/Pods-auroraTests.debug.xcconfig"; sourceTree = "<group>"; };
		CC2F3FBA2538B0C00014DBAE /* GoogleService-Info.plist */ = {isa = PBXFileReference; lastKnownFileType = text.plist; path = "GoogleService-Info.plist"; sourceTree = SOURCE_ROOT; };
		CCECD9872538AC8D002A1250 /* aurora.app */ = {isa = PBXFileReference; explicitFileType = wrapper.application; includeInIndex = 0; path = aurora.app; sourceTree = BUILT_PRODUCTS_DIR; };
		CCECD98A2538AC8D002A1250 /* AppDelegate.swift */ = {isa = PBXFileReference; lastKnownFileType = sourcecode.swift; path = AppDelegate.swift; sourceTree = "<group>"; };
		CCECD98C2538AC8D002A1250 /* SceneDelegate.swift */ = {isa = PBXFileReference; lastKnownFileType = sourcecode.swift; path = SceneDelegate.swift; sourceTree = "<group>"; };
		CCECD98E2538AC8D002A1250 /* ViewController.swift */ = {isa = PBXFileReference; lastKnownFileType = sourcecode.swift; path = ViewController.swift; sourceTree = "<group>"; };
		CCECD9912538AC8D002A1250 /* Base */ = {isa = PBXFileReference; lastKnownFileType = file.storyboard; name = Base; path = Base.lproj/Main.storyboard; sourceTree = "<group>"; };
		CCECD9942538AC8D002A1250 /* aurora.xcdatamodel */ = {isa = PBXFileReference; lastKnownFileType = wrapper.xcdatamodel; path = aurora.xcdatamodel; sourceTree = "<group>"; };
		CCECD9962538AC8E002A1250 /* Assets.xcassets */ = {isa = PBXFileReference; lastKnownFileType = folder.assetcatalog; path = Assets.xcassets; sourceTree = "<group>"; };
		CCECD9992538AC8E002A1250 /* Base */ = {isa = PBXFileReference; lastKnownFileType = file.storyboard; name = Base; path = Base.lproj/LaunchScreen.storyboard; sourceTree = "<group>"; };
		CCECD99B2538AC8E002A1250 /* Info.plist */ = {isa = PBXFileReference; lastKnownFileType = text.plist.xml; path = Info.plist; sourceTree = "<group>"; };
		CCECD9A02538AC8E002A1250 /* auroraTests.xctest */ = {isa = PBXFileReference; explicitFileType = wrapper.cfbundle; includeInIndex = 0; path = auroraTests.xctest; sourceTree = BUILT_PRODUCTS_DIR; };
		CCECD9A42538AC8E002A1250 /* auroraTests.swift */ = {isa = PBXFileReference; lastKnownFileType = sourcecode.swift; path = auroraTests.swift; sourceTree = "<group>"; };
		CCECD9A62538AC8E002A1250 /* Info.plist */ = {isa = PBXFileReference; lastKnownFileType = text.plist.xml; path = Info.plist; sourceTree = "<group>"; };
		CCECD9AB2538AC8E002A1250 /* auroraUITests.xctest */ = {isa = PBXFileReference; explicitFileType = wrapper.cfbundle; includeInIndex = 0; path = auroraUITests.xctest; sourceTree = BUILT_PRODUCTS_DIR; };
		CCECD9AF2538AC8E002A1250 /* auroraUITests.swift */ = {isa = PBXFileReference; lastKnownFileType = sourcecode.swift; path = auroraUITests.swift; sourceTree = "<group>"; };
		CCECD9B12538AC8E002A1250 /* Info.plist */ = {isa = PBXFileReference; lastKnownFileType = text.plist.xml; path = Info.plist; sourceTree = "<group>"; };
		E615910E611E3BD6BBA92E2E /* Pods-aurora-auroraUITests.debug.xcconfig */ = {isa = PBXFileReference; includeInIndex = 1; lastKnownFileType = text.xcconfig; name = "Pods-aurora-auroraUITests.debug.xcconfig"; path = "Target Support Files/Pods-aurora-auroraUITests/Pods-aurora-auroraUITests.debug.xcconfig"; sourceTree = "<group>"; };
/* End PBXFileReference section */

/* Begin PBXFrameworksBuildPhase section */
		CCECD9842538AC8D002A1250 /* Frameworks */ = {
			isa = PBXFrameworksBuildPhase;
			buildActionMask = 2147483647;
			files = (
				BBDB19DE9CCBF16ECB0D2EAC /* libPods-aurora.a in Frameworks */,
			);
			runOnlyForDeploymentPostprocessing = 0;
		};
		CCECD99D2538AC8E002A1250 /* Frameworks */ = {
			isa = PBXFrameworksBuildPhase;
			buildActionMask = 2147483647;
			files = (
				E7B483C04D53D70BB65A07B1 /* libPods-auroraTests.a in Frameworks */,
			);
			runOnlyForDeploymentPostprocessing = 0;
		};
		CCECD9A82538AC8E002A1250 /* Frameworks */ = {
			isa = PBXFrameworksBuildPhase;
			buildActionMask = 2147483647;
			files = (
				B9BD63822AD85C72835B529A /* libPods-aurora-auroraUITests.a in Frameworks */,
			);
			runOnlyForDeploymentPostprocessing = 0;
		};
/* End PBXFrameworksBuildPhase section */

/* Begin PBXGroup section */
		CCECD97E2538AC8C002A1250 = {
			isa = PBXGroup;
			children = (
				CCECD9892538AC8D002A1250 /* aurora */,
				CCECD9A32538AC8E002A1250 /* auroraTests */,
				CCECD9AE2538AC8E002A1250 /* auroraUITests */,
				CCECD9882538AC8D002A1250 /* Products */,
				EF95B5B63394D733347D69EF /* Pods */,
				DE4DFF6149724FBCCD1048A1 /* Frameworks */,
			);
			sourceTree = "<group>";
		};
		CCECD9882538AC8D002A1250 /* Products */ = {
			isa = PBXGroup;
			children = (
				CCECD9872538AC8D002A1250 /* aurora.app */,
				CCECD9A02538AC8E002A1250 /* auroraTests.xctest */,
				CCECD9AB2538AC8E002A1250 /* auroraUITests.xctest */,
			);
			name = Products;
			sourceTree = "<group>";
		};
		CCECD9892538AC8D002A1250 /* aurora */ = {
			isa = PBXGroup;
			children = (
				CC2F3FBA2538B0C00014DBAE /* GoogleService-Info.plist */,
				CCECD98A2538AC8D002A1250 /* AppDelegate.swift */,
				CCECD98C2538AC8D002A1250 /* SceneDelegate.swift */,
				CCECD98E2538AC8D002A1250 /* ViewController.swift */,
				CCECD9902538AC8D002A1250 /* Main.storyboard */,
				CCECD9962538AC8E002A1250 /* Assets.xcassets */,
				CCECD9982538AC8E002A1250 /* LaunchScreen.storyboard */,
				CCECD99B2538AC8E002A1250 /* Info.plist */,
				CCECD9932538AC8D002A1250 /* aurora.xcdatamodeld */,
			);
			path = aurora;
			sourceTree = "<group>";
		};
		CCECD9A32538AC8E002A1250 /* auroraTests */ = {
			isa = PBXGroup;
			children = (
				CCECD9A42538AC8E002A1250 /* auroraTests.swift */,
				CCECD9A62538AC8E002A1250 /* Info.plist */,
			);
			path = auroraTests;
			sourceTree = "<group>";
		};
		CCECD9AE2538AC8E002A1250 /* auroraUITests */ = {
			isa = PBXGroup;
			children = (
				CCECD9AF2538AC8E002A1250 /* auroraUITests.swift */,
				CCECD9B12538AC8E002A1250 /* Info.plist */,
			);
			path = auroraUITests;
			sourceTree = "<group>";
		};
		DE4DFF6149724FBCCD1048A1 /* Frameworks */ = {
			isa = PBXGroup;
			children = (
				219E2B22113E6C80421D2EC3 /* libPods-aurora.a */,
				3DC5429DB4C0539EA485858E /* libPods-aurora-auroraUITests.a */,
				5BA7708BF2E3BFBF64E8B1A9 /* libPods-auroraTests.a */,
			);
			name = Frameworks;
			sourceTree = "<group>";
		};
		EF95B5B63394D733347D69EF /* Pods */ = {
			isa = PBXGroup;
			children = (
				C07D0D3070CC96B5308BF33D /* Pods-aurora.debug.xcconfig */,
				4E109FBB2BC2A8B73CAF30F1 /* Pods-aurora.release.xcconfig */,
				E615910E611E3BD6BBA92E2E /* Pods-aurora-auroraUITests.debug.xcconfig */,
				1F10175A2DD8EF7343400FD7 /* Pods-aurora-auroraUITests.release.xcconfig */,
				C1CFA8A89108EF8B108C3B60 /* Pods-auroraTests.debug.xcconfig */,
				2407CE3132CE76F613EB4AA0 /* Pods-auroraTests.release.xcconfig */,
			);
			name = Pods;
			path = Pods;
			sourceTree = "<group>";
		};
/* End PBXGroup section */

/* Begin PBXNativeTarget section */
		CCECD9862538AC8D002A1250 /* aurora */ = {
			isa = PBXNativeTarget;
			buildConfigurationList = CCECD9B42538AC8E002A1250 /* Build configuration list for PBXNativeTarget "aurora" */;
			buildPhases = (
				079E66C2EC5587A5AABD54EA /* [CP] Check Pods Manifest.lock */,
				CCECD9832538AC8D002A1250 /* Sources */,
				CCECD9842538AC8D002A1250 /* Frameworks */,
				CCECD9852538AC8D002A1250 /* Resources */,
			);
			buildRules = (
			);
			dependencies = (
			);
			name = aurora;
			productName = aurora;
			productReference = CCECD9872538AC8D002A1250 /* aurora.app */;
			productType = "com.apple.product-type.application";
		};
		CCECD99F2538AC8E002A1250 /* auroraTests */ = {
			isa = PBXNativeTarget;
			buildConfigurationList = CCECD9B72538AC8E002A1250 /* Build configuration list for PBXNativeTarget "auroraTests" */;
			buildPhases = (
				608156D4A9D2DEE9932781EA /* [CP] Check Pods Manifest.lock */,
				CCECD99C2538AC8E002A1250 /* Sources */,
				CCECD99D2538AC8E002A1250 /* Frameworks */,
				CCECD99E2538AC8E002A1250 /* Resources */,
			);
			buildRules = (
			);
			dependencies = (
				CCECD9A22538AC8E002A1250 /* PBXTargetDependency */,
			);
			name = auroraTests;
			productName = auroraTests;
			productReference = CCECD9A02538AC8E002A1250 /* auroraTests.xctest */;
			productType = "com.apple.product-type.bundle.unit-test";
		};
		CCECD9AA2538AC8E002A1250 /* auroraUITests */ = {
			isa = PBXNativeTarget;
			buildConfigurationList = CCECD9BA2538AC8E002A1250 /* Build configuration list for PBXNativeTarget "auroraUITests" */;
			buildPhases = (
				61AC8AE9A623CEDC44732699 /* [CP] Check Pods Manifest.lock */,
				CCECD9A72538AC8E002A1250 /* Sources */,
				CCECD9A82538AC8E002A1250 /* Frameworks */,
				CCECD9A92538AC8E002A1250 /* Resources */,
			);
			buildRules = (
			);
			dependencies = (
				CCECD9AD2538AC8E002A1250 /* PBXTargetDependency */,
			);
			name = auroraUITests;
			productName = auroraUITests;
			productReference = CCECD9AB2538AC8E002A1250 /* auroraUITests.xctest */;
			productType = "com.apple.product-type.bundle.ui-testing";
		};
/* End PBXNativeTarget section */

/* Begin PBXProject section */
		CCECD97F2538AC8C002A1250 /* Project object */ = {
			isa = PBXProject;
			attributes = {
				LastSwiftUpdateCheck = 1170;
				LastUpgradeCheck = 1170;
				ORGANIZATIONNAME = AnhDevit;
				TargetAttributes = {
					CCECD9862538AC8D002A1250 = {
						CreatedOnToolsVersion = 11.7;
					};
					CCECD99F2538AC8E002A1250 = {
						CreatedOnToolsVersion = 11.7;
						TestTargetID = CCECD9862538AC8D002A1250;
					};
					CCECD9AA2538AC8E002A1250 = {
						CreatedOnToolsVersion = 11.7;
						TestTargetID = CCECD9862538AC8D002A1250;
					};
				};
			};
			buildConfigurationList = CCECD9822538AC8C002A1250 /* Build configuration list for PBXProject "aurora" */;
			compatibilityVersion = "Xcode 9.3";
			developmentRegion = en;
			hasScannedForEncodings = 0;
			knownRegions = (
				en,
				Base,
			);
			mainGroup = CCECD97E2538AC8C002A1250;
			productRefGroup = CCECD9882538AC8D002A1250 /* Products */;
			projectDirPath = "";
			projectRoot = "";
			targets = (
				CCECD9862538AC8D002A1250 /* aurora */,
				CCECD99F2538AC8E002A1250 /* auroraTests */,
				CCECD9AA2538AC8E002A1250 /* auroraUITests */,
			);
		};
/* End PBXProject section */

/* Begin PBXResourcesBuildPhase section */
		CCECD9852538AC8D002A1250 /* Resources */ = {
			isa = PBXResourcesBuildPhase;
			buildActionMask = 2147483647;
			files = (
				CCECD99A2538AC8E002A1250 /* LaunchScreen.storyboard in Resources */,
				CC2F3FBB2538B0C00014DBAE /* GoogleService-Info.plist in Resources */,
				CCECD9972538AC8E002A1250 /* Assets.xcassets in Resources */,
				CCECD9922538AC8D002A1250 /* Main.storyboard in Resources */,
			);
			runOnlyForDeploymentPostprocessing = 0;
		};
		CCECD99E2538AC8E002A1250 /* Resources */ = {
			isa = PBXResourcesBuildPhase;
			buildActionMask = 2147483647;
			files = (
			);
			runOnlyForDeploymentPostprocessing = 0;
		};
		CCECD9A92538AC8E002A1250 /* Resources */ = {
			isa = PBXResourcesBuildPhase;
			buildActionMask = 2147483647;
			files = (
			);
			runOnlyForDeploymentPostprocessing = 0;
		};
/* End PBXResourcesBuildPhase section */

/* Begin PBXShellScriptBuildPhase section */
		079E66C2EC5587A5AABD54EA /* [CP] Check Pods Manifest.lock */ = {
			isa = PBXShellScriptBuildPhase;
			buildActionMask = 2147483647;
			files = (
			);
			inputFileListPaths = (
			);
			inputPaths = (
				"${PODS_PODFILE_DIR_PATH}/Podfile.lock",
				"${PODS_ROOT}/Manifest.lock",
			);
			name = "[CP] Check Pods Manifest.lock";
			outputFileListPaths = (
			);
			outputPaths = (
				"$(DERIVED_FILE_DIR)/Pods-aurora-checkManifestLockResult.txt",
			);
			runOnlyForDeploymentPostprocessing = 0;
			shellPath = /bin/sh;
			shellScript = "diff \"${PODS_PODFILE_DIR_PATH}/Podfile.lock\" \"${PODS_ROOT}/Manifest.lock\" > /dev/null\nif [ $? != 0 ] ; then\n    # print error to STDERR\n    echo \"error: The sandbox is not in sync with the Podfile.lock. Run 'pod install' or update your CocoaPods installation.\" >&2\n    exit 1\nfi\n# This output is used by Xcode 'outputs' to avoid re-running this script phase.\necho \"SUCCESS\" > \"${SCRIPT_OUTPUT_FILE_0}\"\n";
			showEnvVarsInLog = 0;
		};
		608156D4A9D2DEE9932781EA /* [CP] Check Pods Manifest.lock */ = {
			isa = PBXShellScriptBuildPhase;
			buildActionMask = 2147483647;
			files = (
			);
			inputFileListPaths = (
			);
			inputPaths = (
				"${PODS_PODFILE_DIR_PATH}/Podfile.lock",
				"${PODS_ROOT}/Manifest.lock",
			);
			name = "[CP] Check Pods Manifest.lock";
			outputFileListPaths = (
			);
			outputPaths = (
				"$(DERIVED_FILE_DIR)/Pods-auroraTests-checkManifestLockResult.txt",
			);
			runOnlyForDeploymentPostprocessing = 0;
			shellPath = /bin/sh;
			shellScript = "diff \"${PODS_PODFILE_DIR_PATH}/Podfile.lock\" \"${PODS_ROOT}/Manifest.lock\" > /dev/null\nif [ $? != 0 ] ; then\n    # print error to STDERR\n    echo \"error: The sandbox is not in sync with the Podfile.lock. Run 'pod install' or update your CocoaPods installation.\" >&2\n    exit 1\nfi\n# This output is used by Xcode 'outputs' to avoid re-running this script phase.\necho \"SUCCESS\" > \"${SCRIPT_OUTPUT_FILE_0}\"\n";
			showEnvVarsInLog = 0;
		};
		61AC8AE9A623CEDC44732699 /* [CP] Check Pods Manifest.lock */ = {
			isa = PBXShellScriptBuildPhase;
			buildActionMask = 2147483647;
			files = (
			);
			inputFileListPaths = (
			);
			inputPaths = (
				"${PODS_PODFILE_DIR_PATH}/Podfile.lock",
				"${PODS_ROOT}/Manifest.lock",
			);
			name = "[CP] Check Pods Manifest.lock";
			outputFileListPaths = (
			);
			outputPaths = (
				"$(DERIVED_FILE_DIR)/Pods-aurora-auroraUITests-checkManifestLockResult.txt",
			);
			runOnlyForDeploymentPostprocessing = 0;
			shellPath = /bin/sh;
			shellScript = "diff \"${PODS_PODFILE_DIR_PATH}/Podfile.lock\" \"${PODS_ROOT}/Manifest.lock\" > /dev/null\nif [ $? != 0 ] ; then\n    # print error to STDERR\n    echo \"error: The sandbox is not in sync with the Podfile.lock. Run 'pod install' or update your CocoaPods installation.\" >&2\n    exit 1\nfi\n# This output is used by Xcode 'outputs' to avoid re-running this script phase.\necho \"SUCCESS\" > \"${SCRIPT_OUTPUT_FILE_0}\"\n";
			showEnvVarsInLog = 0;
		};
/* End PBXShellScriptBuildPhase section */

/* Begin PBXSourcesBuildPhase section */
		CCECD9832538AC8D002A1250 /* Sources */ = {
			isa = PBXSourcesBuildPhase;
			buildActionMask = 2147483647;
			files = (
				CCECD98F2538AC8D002A1250 /* ViewController.swift in Sources */,
				CCECD9952538AC8D002A1250 /* aurora.xcdatamodeld in Sources */,
				CCECD98B2538AC8D002A1250 /* AppDelegate.swift in Sources */,
				CCECD98D2538AC8D002A1250 /* SceneDelegate.swift in Sources */,
			);
			runOnlyForDeploymentPostprocessing = 0;
		};
		CCECD99C2538AC8E002A1250 /* Sources */ = {
			isa = PBXSourcesBuildPhase;
			buildActionMask = 2147483647;
			files = (
				CCECD9A52538AC8E002A1250 /* auroraTests.swift in Sources */,
			);
			runOnlyForDeploymentPostprocessing = 0;
		};
		CCECD9A72538AC8E002A1250 /* Sources */ = {
			isa = PBXSourcesBuildPhase;
			buildActionMask = 2147483647;
			files = (
				CCECD9B02538AC8E002A1250 /* auroraUITests.swift in Sources */,
			);
			runOnlyForDeploymentPostprocessing = 0;
		};
/* End PBXSourcesBuildPhase section */

/* Begin PBXTargetDependency section */
		CCECD9A22538AC8E002A1250 /* PBXTargetDependency */ = {
			isa = PBXTargetDependency;
			target = CCECD9862538AC8D002A1250 /* aurora */;
			targetProxy = CCECD9A12538AC8E002A1250 /* PBXContainerItemProxy */;
		};
		CCECD9AD2538AC8E002A1250 /* PBXTargetDependency */ = {
			isa = PBXTargetDependency;
			target = CCECD9862538AC8D002A1250 /* aurora */;
			targetProxy = CCECD9AC2538AC8E002A1250 /* PBXContainerItemProxy */;
		};
/* End PBXTargetDependency section */

/* Begin PBXVariantGroup section */
		CCECD9902538AC8D002A1250 /* Main.storyboard */ = {
			isa = PBXVariantGroup;
			children = (
				CCECD9912538AC8D002A1250 /* Base */,
			);
			name = Main.storyboard;
			sourceTree = "<group>";
		};
		CCECD9982538AC8E002A1250 /* LaunchScreen.storyboard */ = {
			isa = PBXVariantGroup;
			children = (
				CCECD9992538AC8E002A1250 /* Base */,
			);
			name = LaunchScreen.storyboard;
			sourceTree = "<group>";
		};
/* End PBXVariantGroup section */

/* Begin XCBuildConfiguration section */
		CCECD9B22538AC8E002A1250 /* Debug */ = {
			isa = XCBuildConfiguration;
			buildSettings = {
				ALWAYS_SEARCH_USER_PATHS = NO;
				CLANG_ANALYZER_NONNULL = YES;
				CLANG_ANALYZER_NUMBER_OBJECT_CONVERSION = YES_AGGRESSIVE;
				CLANG_CXX_LANGUAGE_STANDARD = "gnu++14";
				CLANG_CXX_LIBRARY = "libc++";
				CLANG_ENABLE_MODULES = YES;
				CLANG_ENABLE_OBJC_ARC = YES;
				CLANG_ENABLE_OBJC_WEAK = YES;
				CLANG_WARN_BLOCK_CAPTURE_AUTORELEASING = YES;
				CLANG_WARN_BOOL_CONVERSION = YES;
				CLANG_WARN_COMMA = YES;
				CLANG_WARN_CONSTANT_CONVERSION = YES;
				CLANG_WARN_DEPRECATED_OBJC_IMPLEMENTATIONS = YES;
				CLANG_WARN_DIRECT_OBJC_ISA_USAGE = YES_ERROR;
				CLANG_WARN_DOCUMENTATION_COMMENTS = YES;
				CLANG_WARN_EMPTY_BODY = YES;
				CLANG_WARN_ENUM_CONVERSION = YES;
				CLANG_WARN_INFINITE_RECURSION = YES;
				CLANG_WARN_INT_CONVERSION = YES;
				CLANG_WARN_NON_LITERAL_NULL_CONVERSION = YES;
				CLANG_WARN_OBJC_IMPLICIT_RETAIN_SELF = YES;
				CLANG_WARN_OBJC_LITERAL_CONVERSION = YES;
				CLANG_WARN_OBJC_ROOT_CLASS = YES_ERROR;
				CLANG_WARN_RANGE_LOOP_ANALYSIS = YES;
				CLANG_WARN_STRICT_PROTOTYPES = YES;
				CLANG_WARN_SUSPICIOUS_MOVE = YES;
				CLANG_WARN_UNGUARDED_AVAILABILITY = YES_AGGRESSIVE;
				CLANG_WARN_UNREACHABLE_CODE = YES;
				CLANG_WARN__DUPLICATE_METHOD_MATCH = YES;
				COPY_PHASE_STRIP = NO;
				DEBUG_INFORMATION_FORMAT = dwarf;
				ENABLE_STRICT_OBJC_MSGSEND = YES;
				ENABLE_TESTABILITY = YES;
				GCC_C_LANGUAGE_STANDARD = gnu11;
				GCC_DYNAMIC_NO_PIC = NO;
				GCC_NO_COMMON_BLOCKS = YES;
				GCC_OPTIMIZATION_LEVEL = 0;
				GCC_PREPROCESSOR_DEFINITIONS = (
					"DEBUG=1",
					"$(inherited)",
				);
				GCC_WARN_64_TO_32_BIT_CONVERSION = YES;
				GCC_WARN_ABOUT_RETURN_TYPE = YES_ERROR;
				GCC_WARN_UNDECLARED_SELECTOR = YES;
				GCC_WARN_UNINITIALIZED_AUTOS = YES_AGGRESSIVE;
				GCC_WARN_UNUSED_FUNCTION = YES;
				GCC_WARN_UNUSED_VARIABLE = YES;
				IPHONEOS_DEPLOYMENT_TARGET = 13.7;
				MTL_ENABLE_DEBUG_INFO = INCLUDE_SOURCE;
				MTL_FAST_MATH = YES;
				ONLY_ACTIVE_ARCH = YES;
				SDKROOT = iphoneos;
				SWIFT_ACTIVE_COMPILATION_CONDITIONS = DEBUG;
				SWIFT_OPTIMIZATION_LEVEL = "-Onone";
			};
			name = Debug;
		};
		CCECD9B32538AC8E002A1250 /* Release */ = {
			isa = XCBuildConfiguration;
			buildSettings = {
				ALWAYS_SEARCH_USER_PATHS = NO;
				CLANG_ANALYZER_NONNULL = YES;
				CLANG_ANALYZER_NUMBER_OBJECT_CONVERSION = YES_AGGRESSIVE;
				CLANG_CXX_LANGUAGE_STANDARD = "gnu++14";
				CLANG_CXX_LIBRARY = "libc++";
				CLANG_ENABLE_MODULES = YES;
				CLANG_ENABLE_OBJC_ARC = YES;
				CLANG_ENABLE_OBJC_WEAK = YES;
				CLANG_WARN_BLOCK_CAPTURE_AUTORELEASING = YES;
				CLANG_WARN_BOOL_CONVERSION = YES;
				CLANG_WARN_COMMA = YES;
				CLANG_WARN_CONSTANT_CONVERSION = YES;
				CLANG_WARN_DEPRECATED_OBJC_IMPLEMENTATIONS = YES;
				CLANG_WARN_DIRECT_OBJC_ISA_USAGE = YES_ERROR;
				CLANG_WARN_DOCUMENTATION_COMMENTS = YES;
				CLANG_WARN_EMPTY_BODY = YES;
				CLANG_WARN_ENUM_CONVERSION = YES;
				CLANG_WARN_INFINITE_RECURSION = YES;
				CLANG_WARN_INT_CONVERSION = YES;
				CLANG_WARN_NON_LITERAL_NULL_CONVERSION = YES;
				CLANG_WARN_OBJC_IMPLICIT_RETAIN_SELF = YES;
				CLANG_WARN_OBJC_LITERAL_CONVERSION = YES;
				CLANG_WARN_OBJC_ROOT_CLASS = YES_ERROR;
				CLANG_WARN_RANGE_LOOP_ANALYSIS = YES;
				CLANG_WARN_STRICT_PROTOTYPES = YES;
				CLANG_WARN_SUSPICIOUS_MOVE = YES;
				CLANG_WARN_UNGUARDED_AVAILABILITY = YES_AGGRESSIVE;
				CLANG_WARN_UNREACHABLE_CODE = YES;
				CLANG_WARN__DUPLICATE_METHOD_MATCH = YES;
				COPY_PHASE_STRIP = NO;
				DEBUG_INFORMATION_FORMAT = "dwarf-with-dsym";
				ENABLE_NS_ASSERTIONS = NO;
				ENABLE_STRICT_OBJC_MSGSEND = YES;
				GCC_C_LANGUAGE_STANDARD = gnu11;
				GCC_NO_COMMON_BLOCKS = YES;
				GCC_WARN_64_TO_32_BIT_CONVERSION = YES;
				GCC_WARN_ABOUT_RETURN_TYPE = YES_ERROR;
				GCC_WARN_UNDECLARED_SELECTOR = YES;
				GCC_WARN_UNINITIALIZED_AUTOS = YES_AGGRESSIVE;
				GCC_WARN_UNUSED_FUNCTION = YES;
				GCC_WARN_UNUSED_VARIABLE = YES;
				IPHONEOS_DEPLOYMENT_TARGET = 13.7;
				MTL_ENABLE_DEBUG_INFO = NO;
				MTL_FAST_MATH = YES;
				SDKROOT = iphoneos;
				SWIFT_COMPILATION_MODE = wholemodule;
				SWIFT_OPTIMIZATION_LEVEL = "-O";
				VALIDATE_PRODUCT = YES;
			};
			name = Release;
		};
		CCECD9B52538AC8E002A1250 /* Debug */ = {
			isa = XCBuildConfiguration;
			baseConfigurationReference = C07D0D3070CC96B5308BF33D /* Pods-aurora.debug.xcconfig */;
			buildSettings = {
				ASSETCATALOG_COMPILER_APPICON_NAME = AppIcon;
				CODE_SIGN_STYLE = Automatic;
				INFOPLIST_FILE = aurora/Info.plist;
				LD_RUNPATH_SEARCH_PATHS = (
					"$(inherited)",
					"@executable_path/Frameworks",
				);
				PRODUCT_BUNDLE_IDENTIFIER = anhdevit.aurora;
				PRODUCT_NAME = "$(TARGET_NAME)";
				SWIFT_VERSION = 5.0;
				TARGETED_DEVICE_FAMILY = "1,2";
			};
			name = Debug;
		};
		CCECD9B62538AC8E002A1250 /* Release */ = {
			isa = XCBuildConfiguration;
			baseConfigurationReference = 4E109FBB2BC2A8B73CAF30F1 /* Pods-aurora.release.xcconfig */;
			buildSettings = {
				ASSETCATALOG_COMPILER_APPICON_NAME = AppIcon;
				CODE_SIGN_STYLE = Automatic;
				INFOPLIST_FILE = aurora/Info.plist;
				LD_RUNPATH_SEARCH_PATHS = (
					"$(inherited)",
					"@executable_path/Frameworks",
				);
				PRODUCT_BUNDLE_IDENTIFIER = anhdevit.aurora;
				PRODUCT_NAME = "$(TARGET_NAME)";
				SWIFT_VERSION = 5.0;
				TARGETED_DEVICE_FAMILY = "1,2";
			};
			name = Release;
		};
		CCECD9B82538AC8E002A1250 /* Debug */ = {
			isa = XCBuildConfiguration;
			baseConfigurationReference = C1CFA8A89108EF8B108C3B60 /* Pods-auroraTests.debug.xcconfig */;
			buildSettings = {
				ALWAYS_EMBED_SWIFT_STANDARD_LIBRARIES = YES;
				BUNDLE_LOADER = "$(TEST_HOST)";
				CODE_SIGN_STYLE = Automatic;
				INFOPLIST_FILE = auroraTests/Info.plist;
				IPHONEOS_DEPLOYMENT_TARGET = 13.7;
				LD_RUNPATH_SEARCH_PATHS = (
					"$(inherited)",
					"@executable_path/Frameworks",
					"@loader_path/Frameworks",
				);
				PRODUCT_BUNDLE_IDENTIFIER = anhdevit.auroraTests;
				PRODUCT_NAME = "$(TARGET_NAME)";
				SWIFT_VERSION = 5.0;
				TARGETED_DEVICE_FAMILY = "1,2";
				TEST_HOST = "$(BUILT_PRODUCTS_DIR)/aurora.app/aurora";
			};
			name = Debug;
		};
		CCECD9B92538AC8E002A1250 /* Release */ = {
			isa = XCBuildConfiguration;
			baseConfigurationReference = 2407CE3132CE76F613EB4AA0 /* Pods-auroraTests.release.xcconfig */;
			buildSettings = {
				ALWAYS_EMBED_SWIFT_STANDARD_LIBRARIES = YES;
				BUNDLE_LOADER = "$(TEST_HOST)";
				CODE_SIGN_STYLE = Automatic;
				INFOPLIST_FILE = auroraTests/Info.plist;
				IPHONEOS_DEPLOYMENT_TARGET = 13.7;
				LD_RUNPATH_SEARCH_PATHS = (
					"$(inherited)",
					"@executable_path/Frameworks",
					"@loader_path/Frameworks",
				);
				PRODUCT_BUNDLE_IDENTIFIER = anhdevit.auroraTests;
				PRODUCT_NAME = "$(TARGET_NAME)";
				SWIFT_VERSION = 5.0;
				TARGETED_DEVICE_FAMILY = "1,2";
				TEST_HOST = "$(BUILT_PRODUCTS_DIR)/aurora.app/aurora";
			};
			name = Release;
		};
		CCECD9BB2538AC8E002A1250 /* Debug */ = {
			isa = XCBuildConfiguration;
			baseConfigurationReference = E615910E611E3BD6BBA92E2E /* Pods-aurora-auroraUITests.debug.xcconfig */;
			buildSettings = {
				ALWAYS_EMBED_SWIFT_STANDARD_LIBRARIES = YES;
				CODE_SIGN_STYLE = Automatic;
				INFOPLIST_FILE = auroraUITests/Info.plist;
				LD_RUNPATH_SEARCH_PATHS = (
					"$(inherited)",
					"@executable_path/Frameworks",
					"@loader_path/Frameworks",
				);
				PRODUCT_BUNDLE_IDENTIFIER = anhdevit.auroraUITests;
				PRODUCT_NAME = "$(TARGET_NAME)";
				SWIFT_VERSION = 5.0;
				TARGETED_DEVICE_FAMILY = "1,2";
				TEST_TARGET_NAME = aurora;
			};
			name = Debug;
		};
		CCECD9BC2538AC8E002A1250 /* Release */ = {
			isa = XCBuildConfiguration;
			baseConfigurationReference = 1F10175A2DD8EF7343400FD7 /* Pods-aurora-auroraUITests.release.xcconfig */;
			buildSettings = {
				ALWAYS_EMBED_SWIFT_STANDARD_LIBRARIES = YES;
				CODE_SIGN_STYLE = Automatic;
				INFOPLIST_FILE = auroraUITests/Info.plist;
				LD_RUNPATH_SEARCH_PATHS = (
					"$(inherited)",
					"@executable_path/Frameworks",
					"@loader_path/Frameworks",
				);
				PRODUCT_BUNDLE_IDENTIFIER = anhdevit.auroraUITests;
				PRODUCT_NAME = "$(TARGET_NAME)";
				SWIFT_VERSION = 5.0;
				TARGETED_DEVICE_FAMILY = "1,2";
				TEST_TARGET_NAME = aurora;
			};
			name = Release;
		};
/* End XCBuildConfiguration section */

/* Begin XCConfigurationList section */
		CCECD9822538AC8C002A1250 /* Build configuration list for PBXProject "aurora" */ = {
			isa = XCConfigurationList;
			buildConfigurations = (
				CCECD9B22538AC8E002A1250 /* Debug */,
				CCECD9B32538AC8E002A1250 /* Release */,
			);
			defaultConfigurationIsVisible = 0;
			defaultConfigurationName = Release;
		};
		CCECD9B42538AC8E002A1250 /* Build configuration list for PBXNativeTarget "aurora" */ = {
			isa = XCConfigurationList;
			buildConfigurations = (
				CCECD9B52538AC8E002A1250 /* Debug */,
				CCECD9B62538AC8E002A1250 /* Release */,
			);
			defaultConfigurationIsVisible = 0;
			defaultConfigurationName = Release;
		};
		CCECD9B72538AC8E002A1250 /* Build configuration list for PBXNativeTarget "auroraTests" */ = {
			isa = XCConfigurationList;
			buildConfigurations = (
				CCECD9B82538AC8E002A1250 /* Debug */,
				CCECD9B92538AC8E002A1250 /* Release */,
			);
			defaultConfigurationIsVisible = 0;
			defaultConfigurationName = Release;
		};
		CCECD9BA2538AC8E002A1250 /* Build configuration list for PBXNativeTarget "auroraUITests" */ = {
			isa = XCConfigurationList;
			buildConfigurations = (
				CCECD9BB2538AC8E002A1250 /* Debug */,
				CCECD9BC2538AC8E002A1250 /* Release */,
			);
			defaultConfigurationIsVisible = 0;
			defaultConfigurationName = Release;
		};
/* End XCConfigurationList section */

/* Begin XCVersionGroup section */
		CCECD9932538AC8D002A1250 /* aurora.xcdatamodeld */ = {
			isa = XCVersionGroup;
			children = (
				CCECD9942538AC8D002A1250 /* aurora.xcdatamodel */,
			);
			currentVersion = CCECD9942538AC8D002A1250 /* aurora.xcdatamodel */;
			path = aurora.xcdatamodeld;
			sourceTree = "<group>";
			versionGroupType = wrapper.xcdatamodel;
		};
/* End XCVersionGroup section */
	};
	rootObject = CCECD97F2538AC8C002A1250 /* Project object */;
}
